
Microsoft Visual Studio Solution File, Format Version 12.00
# Visual Studio Version 16
VisualStudioVersion = 16.0.32228.343
MinimumVisualStudioVersion = 10.0.40219.1
Project("{FAE04EC0-301F-11D3-BF4B-00C04F79EFBC}") = "SDP Diagnostics", "SDP Diagnostics.\SDP Diagnostics.csproj", "{62416F04-2949-4847-B893-4A3929CE6BCF}"
EndProject
Global
	GlobalSection(SolutionConfigurationPlatforms) = preSolution
		Debug|Any CPU = Debug|Any CPU
		Release|Any CPU = Release|Any CPU
	EndGlobalSection
	GlobalSection(ProjectConfigurationPlatforms) = postSolution
		{62416F04-2949-4847-B893-4A3929CE6BCF}.Debug|Any CPU.ActiveCfg = Debug|Any CPU
		{62416F04-2949-4847-B893-4A3929CE6BCF}.Debug|Any CPU.Build.0 = Debug|Any CPU
		{62416F04-2949-4847-B893-4A3929CE6BCF}.Release|Any CPU.ActiveCfg = Release|Any CPU
		{62416F04-2949-4847-B893-4A3929CE6BCF}.Release|Any CPU.Build.0 = Release|Any CPU
	EndGlobalSection
	GlobalSection(SolutionProperties) = preSolution
		HideSolutionNode = FALSE
	EndGlobalSection
	GlobalSection(ExtensibilityGlobals) = postSolution
		SolutionGuid = {8F63BFA2-52B7-4D50-942D-AD162F31928E}
	EndGlobalSection
EndGlobal
